<?xml version="1.0" encoding="utf-8"?>
<Project ToolsVersion="4.0" xmlns="http://schemas.microsoft.com/developer/msbuild/2003">
  <ItemGroup>
    <Filter Include="Source Files">
      <UniqueIdentifier>{57a61143-2453-44ed-8533-0b62a89e3cb7}</UniqueIdentifier>
      <Extensions>cpp;c;cxx;rc;def;r;odl;hpj;bat;for;f90</Extensions>
    </Filter>
    <Filter Include="Header Files">
      <UniqueIdentifier>{d208036e-ef2a-49bd-a096-ec2a91d128c8}</UniqueIdentifier>
      <Extensions>h;hpp;hxx;hm;inl;fi;fd</Extensions>
    </Filter>
    <Filter Include="Resource Files">
      <UniqueIdentifier>{0cd07173-a5e8-4715-bc03-ea73f4959640}</UniqueIdentifier>
      <Extensions>ico;cur;bmp;dlg;rc2;rct;bin;cnt;rtf;gif;jpg;jpeg;jpe</Extensions>
    </Filter>
  </ItemGroup>
  <ItemGroup>
    <ClCompile Include="BasicOps.cpp">
      <Filter>Source Files</Filter>
    </ClCompile>
    <ClCompile Include="Symmetry.cpp">
      <Filter>Source Files</Filter>
    </ClCompile>
    <ClCompile Include="vweld.cpp">
      <Filter>Source Files</Filter>
    </ClCompile>
    <ClCompile Include="slice.cpp">
      <Filter>Source Files</Filter>
    </ClCompile>
    <ClCompile Include="FaceAlign.cpp">
      <Filter>Source Files</Filter>
    </ClCompile>
    <ClCompile Include="basicops_pch.cpp">
      <Filter>Source Files</Filter>
    </ClCompile>
  </ItemGroup>
  <ItemGroup>
    <None Include="BasicOps.def">
      <Filter>Resource Files</Filter>
    </None>
  </ItemGroup>
  <ItemGroup>
    <QtUic Include="Symmetry_Modifier.ui">
      <Filter>Resource Files</Filter>
    </QtUic>
    <QtUic Include="Slice_Modifier.ui" />
    <QtUic Include="VWeld_Modifier.ui" />
  </ItemGroup>
  <ItemGroup>
    <ResourceCompile Include="BasicOps.rc">
      <Filter>Resource Files</Filter>
    </ResourceCompile>
  </ItemGroup>
  <ItemGroup>
    <QtMoc Include="vweld.h">
      <Filter>Header Files</Filter>
    </QtMoc>
    <QtMoc Include="slice.h">
      <Filter>Header Files</Filter>
    </QtMoc>
    <QtMoc Include="Symmetry.h">
      <Filter>Header Files</Filter>
    </QtMoc>
  </ItemGroup>
  <ItemGroup>
    <ClInclude Include="BasicOps.h">
      <Filter>Header Files</Filter>
    </ClInclude>
    <ClInclude Include="FaceAlign.h">
      <Filter>Header Files</Filter>
    </ClInclude>
    <ClInclude Include="basicops_pch.h">
      <Filter>Header Files</Filter>
    </ClInclude>
    <ClInclude Include="resource.h">
      <Filter>Header Files</Filter>
    </ClInclude>
  </ItemGroup>
</Project>